// !$*UTF8*$!
{
	archiveVersion = 1;
	classes = {
	};
	objectVersion = 46;
	objects = {

/* Begin PBXBuildFile section */
		4932C5A71AF0D61C00E92554 /* AddEventViewController.m in Sources */ = {isa = PBXBuildFile; fileRef = 4932C5A61AF0D61C00E92554 /* AddEventViewController.m */; };
		49361F881AEF76E700C5BDD4 /* main.m in Sources */ = {isa = PBXBuildFile; fileRef = 49361F871AEF76E700C5BDD4 /* main.m */; };
		49361F8B1AEF76E700C5BDD4 /* AppDelegate.m in Sources */ = {isa = PBXBuildFile; fileRef = 49361F8A1AEF76E700C5BDD4 /* AppDelegate.m */; };
		49361F911AEF76E700C5BDD4 /* Main.storyboard in Resources */ = {isa = PBXBuildFile; fileRef = 49361F8F1AEF76E700C5BDD4 /* Main.storyboard */; };
		49361F961AEF76E700C5BDD4 /* LaunchScreen.xib in Resources */ = {isa = PBXBuildFile; fileRef = 49361F941AEF76E700C5BDD4 /* LaunchScreen.xib */; };
		49361FA21AEF76E700C5BDD4 /* EventAppTests.m in Sources */ = {isa = PBXBuildFile; fileRef = 49361FA11AEF76E700C5BDD4 /* EventAppTests.m */; };
		49361FAC1AEF842800C5BDD4 /* InitialData.plist in Resources */ = {isa = PBXBuildFile; fileRef = 49361FAB1AEF842800C5BDD4 /* InitialData.plist */; };
		49361FAF1AEF8A0100C5BDD4 /* Event.m in Sources */ = {isa = PBXBuildFile; fileRef = 49361FAE1AEF8A0100C5BDD4 /* Event.m */; };
		49361FB21AEF8A2300C5BDD4 /* Singleton.m in Sources */ = {isa = PBXBuildFile; fileRef = 49361FB11AEF8A2300C5BDD4 /* Singleton.m */; };
		49361FB71AEF95E500C5BDD4 /* EventCollectionViewCell.m in Sources */ = {isa = PBXBuildFile; fileRef = 49361FB61AEF95E500C5BDD4 /* EventCollectionViewCell.m */; };
		49361FBA1AEF961400C5BDD4 /* HeaderCollectionReusableView.m in Sources */ = {isa = PBXBuildFile; fileRef = 49361FB91AEF961400C5BDD4 /* HeaderCollectionReusableView.m */; };
		49361FBD1AEF96AF00C5BDD4 /* EventCollectionViewController.m in Sources */ = {isa = PBXBuildFile; fileRef = 49361FBC1AEF96AF00C5BDD4 /* EventCollectionViewController.m */; };
		49361FC01AEFC5BD00C5BDD4 /* DetailedViewController.m in Sources */ = {isa = PBXBuildFile; fileRef = 49361FBF1AEFC5BD00C5BDD4 /* DetailedViewController.m */; };
		49361FC41AEFD10900C5BDD4 /* Images.xcassets in Resources */ = {isa = PBXBuildFile; fileRef = 49361FC31AEFD10900C5BDD4 /* Images.xcassets */; };
/* End PBXBuildFile section */

/* Begin PBXContainerItemProxy section */
		49361F9C1AEF76E700C5BDD4 /* PBXContainerItemProxy */ = {
			isa = PBXContainerItemProxy;
			containerPortal = 49361F7A1AEF76E700C5BDD4 /* Project object */;
			proxyType = 1;
			remoteGlobalIDString = 49361F811AEF76E700C5BDD4;
			remoteInfo = EventApp;
		};
/* End PBXContainerItemProxy section */

/* Begin PBXFileReference section */
		4932C5A51AF0D61C00E92554 /* AddEventViewController.h */ = {isa = PBXFileReference; fileEncoding = 4; lastKnownFileType = sourcecode.c.h; path = AddEventViewController.h; sourceTree = "<group>"; };
		4932C5A61AF0D61C00E92554 /* AddEventViewController.m */ = {isa = PBXFileReference; fileEncoding = 4; lastKnownFileType = sourcecode.c.objc; path = AddEventViewController.m; sourceTree = "<group>"; };
		49361F821AEF76E700C5BDD4 /* EventApp.app */ = {isa = PBXFileReference; explicitFileType = wrapper.application; includeInIndex = 0; path = EventApp.app; sourceTree = BUILT_PRODUCTS_DIR; };
		49361F861AEF76E700C5BDD4 /* Info.plist */ = {isa = PBXFileReference; lastKnownFileType = text.plist.xml; path = Info.plist; sourceTree = "<group>"; };
		49361F871AEF76E700C5BDD4 /* main.m */ = {isa = PBXFileReference; lastKnownFileType = sourcecode.c.objc; path = main.m; sourceTree = "<group>"; };
		49361F891AEF76E700C5BDD4 /* AppDelegate.h */ = {isa = PBXFileReference; lastKnownFileType = sourcecode.c.h; path = AppDelegate.h; sourceTree = "<group>"; };
		49361F8A1AEF76E700C5BDD4 /* AppDelegate.m */ = {isa = PBXFileReference; lastKnownFileType = sourcecode.c.objc; path = AppDelegate.m; sourceTree = "<group>"; };
		49361F901AEF76E700C5BDD4 /* Base */ = {isa = PBXFileReference; lastKnownFileType = file.storyboard; name = Base; path = Base.lproj/Main.storyboard; sourceTree = "<group>"; };
		49361F951AEF76E700C5BDD4 /* Base */ = {isa = PBXFileReference; lastKnownFileType = file.xib; name = Base; path = Base.lproj/LaunchScreen.xib; sourceTree = "<group>"; };
		49361F9B1AEF76E700C5BDD4 /* EventAppTests.xctest */ = {isa = PBXFileReference; explicitFileType = wrapper.cfbundle; includeInIndex = 0; path = EventAppTests.xctest; sourceTree = BUILT_PRODUCTS_DIR; };
		49361FA01AEF76E700C5BDD4 /* Info.plist */ = {isa = PBXFileReference; lastKnownFileType = text.plist.xml; path = Info.plist; sourceTree = "<group>"; };
		49361FA11AEF76E700C5BDD4 /* EventAppTests.m */ = {isa = PBXFileReference; lastKnownFileType = sourcecode.c.objc; path = EventAppTests.m; sourceTree = "<group>"; };
		49361FAB1AEF842800C5BDD4 /* InitialData.plist */ = {isa = PBXFileReference; fileEncoding = 4; lastKnownFileType = text.plist.xml; path = InitialData.plist; sourceTree = "<group>"; };
		49361FAD1AEF8A0100C5BDD4 /* Event.h */ = {isa = PBXFileReference; fileEncoding = 4; lastKnownFileType = sourcecode.c.h; path = Event.h; sourceTree = "<group>"; };
		49361FAE1AEF8A0100C5BDD4 /* Event.m */ = {isa = PBXFileReference; fileEncoding = 4; lastKnownFileType = sourcecode.c.objc; path = Event.m; sourceTree = "<group>"; };
		49361FB01AEF8A2300C5BDD4 /* Singleton.h */ = {isa = PBXFileReference; fileEncoding = 4; lastKnownFileType = sourcecode.c.h; path = Singleton.h; sourceTree = "<group>"; };
		49361FB11AEF8A2300C5BDD4 /* Singleton.m */ = {isa = PBXFileReference; fileEncoding = 4; lastKnownFileType = sourcecode.c.objc; path = Singleton.m; sourceTree = "<group>"; };
		49361FB51AEF95E500C5BDD4 /* EventCollectionViewCell.h */ = {isa = PBXFileReference; fileEncoding = 4; lastKnownFileType = sourcecode.c.h; path = EventCollectionViewCell.h; sourceTree = "<group>"; };
		49361FB61AEF95E500C5BDD4 /* EventCollectionViewCell.m */ = {isa = PBXFileReference; fileEncoding = 4; lastKnownFileType = sourcecode.c.objc; path = EventCollectionViewCell.m; sourceTree = "<group>"; };
		49361FB81AEF961400C5BDD4 /* HeaderCollectionReusableView.h */ = {isa = PBXFileReference; fileEncoding = 4; lastKnownFileType = sourcecode.c.h; path = HeaderCollectionReusableView.h; sourceTree = "<group>"; };
		49361FB91AEF961400C5BDD4 /* HeaderCollectionReusableView.m */ = {isa = PBXFileReference; fileEncoding = 4; lastKnownFileType = sourcecode.c.objc; path = HeaderCollectionReusableView.m; sourceTree = "<group>"; };
		49361FBB1AEF96AF00C5BDD4 /* EventCollectionViewController.h */ = {isa = PBXFileReference; fileEncoding = 4; lastKnownFileType = sourcecode.c.h; path = EventCollectionViewController.h; sourceTree = "<group>"; };
		49361FBC1AEF96AF00C5BDD4 /* EventCollectionViewController.m */ = {isa = PBXFileReference; fileEncoding = 4; lastKnownFileType = sourcecode.c.objc; path = EventCollectionViewController.m; sourceTree = "<group>"; };
		49361FBE1AEFC5BD00C5BDD4 /* DetailedViewController.h */ = {isa = PBXFileReference; fileEncoding = 4; lastKnownFileType = sourcecode.c.h; path = DetailedViewController.h; sourceTree = "<group>"; };
		49361FBF1AEFC5BD00C5BDD4 /* DetailedViewController.m */ = {isa = PBXFileReference; fileEncoding = 4; lastKnownFileType = sourcecode.c.objc; path = DetailedViewController.m; sourceTree = "<group>"; };
		49361FC31AEFD10900C5BDD4 /* Images.xcassets */ = {isa = PBXFileReference; lastKnownFileType = folder.assetcatalog; path = Images.xcassets; sourceTree = "<group>"; };
/* End PBXFileReference section */

/* Begin PBXFrameworksBuildPhase section */
		49361F7F1AEF76E700C5BDD4 /* Frameworks */ = {
			isa = PBXFrameworksBuildPhase;
			buildActionMask = 2147483647;
			files = (
			);
			runOnlyForDeploymentPostprocessing = 0;
		};
		49361F981AEF76E700C5BDD4 /* Frameworks */ = {
			isa = PBXFrameworksBuildPhase;
			buildActionMask = 2147483647;
			files = (
			);
			runOnlyForDeploymentPostprocessing = 0;
		};
/* End PBXFrameworksBuildPhase section */

/* Begin PBXGroup section */
		49361F791AEF76E700C5BDD4 = {
			isa = PBXGroup;
			children = (
				49361F841AEF76E700C5BDD4 /* EventApp */,
				49361F9E1AEF76E700C5BDD4 /* EventAppTests */,
				49361F831AEF76E700C5BDD4 /* Products */,
			);
			sourceTree = "<group>";
		};
		49361F831AEF76E700C5BDD4 /* Products */ = {
			isa = PBXGroup;
			children = (
				49361F821AEF76E700C5BDD4 /* EventApp.app */,
				49361F9B1AEF76E700C5BDD4 /* EventAppTests.xctest */,
			);
			name = Products;
			sourceTree = "<group>";
		};
		49361F841AEF76E700C5BDD4 /* EventApp */ = {
			isa = PBXGroup;
			children = (
				49361F8F1AEF76E700C5BDD4 /* Main.storyboard */,
				49361F941AEF76E700C5BDD4 /* LaunchScreen.xib */,
				49361FC31AEFD10900C5BDD4 /* Images.xcassets */,
				49BA8A341B0F305300C4696C /* Model */,
				49361FB31AEF8A2800C5BDD4 /* ViewControllers */,
				49BACA671AF7CB95004D0045 /* Controller */,
				49361FB41AEF959B00C5BDD4 /* Custom */,
				49361F851AEF76E700C5BDD4 /* Supporting Files */,
			);
			path = EventApp;
			sourceTree = "<group>";
		};
		49361F851AEF76E700C5BDD4 /* Supporting Files */ = {
			isa = PBXGroup;
			children = (
				49361FAB1AEF842800C5BDD4 /* InitialData.plist */,
				49361F861AEF76E700C5BDD4 /* Info.plist */,
				49361F871AEF76E700C5BDD4 /* main.m */,
			);
			name = "Supporting Files";
			sourceTree = "<group>";
		};
		49361F9E1AEF76E700C5BDD4 /* EventAppTests */ = {
			isa = PBXGroup;
			children = (
				49361FA11AEF76E700C5BDD4 /* EventAppTests.m */,
				49361F9F1AEF76E700C5BDD4 /* Supporting Files */,
			);
			path = EventAppTests;
			sourceTree = "<group>";
		};
		49361F9F1AEF76E700C5BDD4 /* Supporting Files */ = {
			isa = PBXGroup;
			children = (
				49361FA01AEF76E700C5BDD4 /* Info.plist */,
			);
			name = "Supporting Files";
			sourceTree = "<group>";
		};
		49361FB31AEF8A2800C5BDD4 /* ViewControllers */ = {
			isa = PBXGroup;
			children = (
				4932C5A51AF0D61C00E92554 /* AddEventViewController.h */,
				4932C5A61AF0D61C00E92554 /* AddEventViewController.m */,
				49361FBE1AEFC5BD00C5BDD4 /* DetailedViewController.h */,
				49361FBF1AEFC5BD00C5BDD4 /* DetailedViewController.m */,
				49361FBB1AEF96AF00C5BDD4 /* EventCollectionViewController.h */,
				49361FBC1AEF96AF00C5BDD4 /* EventCollectionViewController.m */,
			);
			name = ViewControllers;
			sourceTree = "<group>";
		};
		49361FB41AEF959B00C5BDD4 /* Custom */ = {
			isa = PBXGroup;
			children = (
				49361FB81AEF961400C5BDD4 /* HeaderCollectionReusableView.h */,
				49361FB91AEF961400C5BDD4 /* HeaderCollectionReusableView.m */,
				49361FB51AEF95E500C5BDD4 /* EventCollectionViewCell.h */,
				49361FB61AEF95E500C5BDD4 /* EventCollectionViewCell.m */,
			);
			name = Custom;
			sourceTree = "<group>";
		};
		49BA8A341B0F305300C4696C /* Model */ = {
			isa = PBXGroup;
			children = (
				49361FAD1AEF8A0100C5BDD4 /* Event.h */,
				49361FAE1AEF8A0100C5BDD4 /* Event.m */,
			);
			name = Model;
			sourceTree = "<group>";
		};
		49BACA671AF7CB95004D0045 /* Controller */ = {
			isa = PBXGroup;
			children = (
				49361F891AEF76E700C5BDD4 /* AppDelegate.h */,
				49361F8A1AEF76E700C5BDD4 /* AppDelegate.m */,
				49361FB01AEF8A2300C5BDD4 /* Singleton.h */,
				49361FB11AEF8A2300C5BDD4 /* Singleton.m */,
			);
			name = Controller;
			sourceTree = "<group>";
		};
/* End PBXGroup section */

/* Begin PBXNativeTarget section */
		49361F811AEF76E700C5BDD4 /* EventApp */ = {
			isa = PBXNativeTarget;
			buildConfigurationList = 49361FA51AEF76E700C5BDD4 /* Build configuration list for PBXNativeTarget "EventApp" */;
			buildPhases = (
				49361F7E1AEF76E700C5BDD4 /* Sources */,
				49361F7F1AEF76E700C5BDD4 /* Frameworks */,
				49361F801AEF76E700C5BDD4 /* Resources */,
			);
			buildRules = (
			);
			dependencies = (
			);
			name = EventApp;
			productName = EventApp;
			productReference = 49361F821AEF76E700C5BDD4 /* EventApp.app */;
			productType = "com.apple.product-type.application";
		};
		49361F9A1AEF76E700C5BDD4 /* EventAppTests */ = {
			isa = PBXNativeTarget;
			buildConfigurationList = 49361FA81AEF76E700C5BDD4 /* Build configuration list for PBXNativeTarget "EventAppTests" */;
			buildPhases = (
				49361F971AEF76E700C5BDD4 /* Sources */,
				49361F981AEF76E700C5BDD4 /* Frameworks */,
				49361F991AEF76E700C5BDD4 /* Resources */,
			);
			buildRules = (
			);
			dependencies = (
				49361F9D1AEF76E700C5BDD4 /* PBXTargetDependency */,
			);
			name = EventAppTests;
			productName = EventAppTests;
			productReference = 49361F9B1AEF76E700C5BDD4 /* EventAppTests.xctest */;
			productType = "com.apple.product-type.bundle.unit-test";
		};
/* End PBXNativeTarget section */

/* Begin PBXProject section */
		49361F7A1AEF76E700C5BDD4 /* Project object */ = {
			isa = PBXProject;
			attributes = {
				LastUpgradeCheck = 0620;
				ORGANIZATIONNAME = MentorMateAcademy;
				TargetAttributes = {
					49361F811AEF76E700C5BDD4 = {
						CreatedOnToolsVersion = 6.2;
					};
					49361F9A1AEF76E700C5BDD4 = {
						CreatedOnToolsVersion = 6.2;
						TestTargetID = 49361F811AEF76E700C5BDD4;
					};
				};
			};
			buildConfigurationList = 49361F7D1AEF76E700C5BDD4 /* Build configuration list for PBXProject "EventApp" */;
			compatibilityVersion = "Xcode 3.2";
			developmentRegion = English;
			hasScannedForEncodings = 0;
			knownRegions = (
				en,
				Base,
			);
			mainGroup = 49361F791AEF76E700C5BDD4;
			productRefGroup = 49361F831AEF76E700C5BDD4 /* Products */;
			projectDirPath = "";
			projectRoot = "";
			targets = (
				49361F811AEF76E700C5BDD4 /* EventApp */,
				49361F9A1AEF76E700C5BDD4 /* EventAppTests */,
			);
		};
/* End PBXProject section */

/* Begin PBXResourcesBuildPhase section */
		49361F801AEF76E700C5BDD4 /* Resources */ = {
			isa = PBXResourcesBuildPhase;
			buildActionMask = 2147483647;
			files = (
				49361F911AEF76E700C5BDD4 /* Main.storyboard in Resources */,
				49361FC41AEFD10900C5BDD4 /* Images.xcassets in Resources */,
				49361F961AEF76E700C5BDD4 /* LaunchScreen.xib in Resources */,
				49361FAC1AEF842800C5BDD4 /* InitialData.plist in Resources */,
			);
			runOnlyForDeploymentPostprocessing = 0;
		};
		49361F991AEF76E700C5BDD4 /* Resources */ = {
			isa = PBXResourcesBuildPhase;
			buildActionMask = 2147483647;
			files = (
			);
			runOnlyForDeploymentPostprocessing = 0;
		};
/* End PBXResourcesBuildPhase section */

/* Begin PBXSourcesBuildPhase section */
		49361F7E1AEF76E700C5BDD4 /* Sources */ = {
			isa = PBXSourcesBuildPhase;
			buildActionMask = 2147483647;
			files = (
				49361FBA1AEF961400C5BDD4 /* HeaderCollectionReusableView.m in Sources */,
				49361FB71AEF95E500C5BDD4 /* EventCollectionViewCell.m in Sources */,
				49361FBD1AEF96AF00C5BDD4 /* EventCollectionViewController.m in Sources */,
				49361FAF1AEF8A0100C5BDD4 /* Event.m in Sources */,
				49361F8B1AEF76E700C5BDD4 /* AppDelegate.m in Sources */,
				49361F881AEF76E700C5BDD4 /* main.m in Sources */,
				49361FC01AEFC5BD00C5BDD4 /* DetailedViewController.m in Sources */,
				49361FB21AEF8A2300C5BDD4 /* Singleton.m in Sources */,
				4932C5A71AF0D61C00E92554 /* AddEventViewController.m in Sources */,
			);
			runOnlyForDeploymentPostprocessing = 0;
		};
		49361F971AEF76E700C5BDD4 /* Sources */ = {
			isa = PBXSourcesBuildPhase;
			buildActionMask = 2147483647;
			files = (
				49361FA21AEF76E700C5BDD4 /* EventAppTests.m in Sources */,
			);
			runOnlyForDeploymentPostprocessing = 0;
		};
/* End PBXSourcesBuildPhase section */

/* Begin PBXTargetDependency section */
		49361F9D1AEF76E700C5BDD4 /* PBXTargetDependency */ = {
			isa = PBXTargetDependency;
			target = 49361F811AEF76E700C5BDD4 /* EventApp */;
			targetProxy = 49361F9C1AEF76E700C5BDD4 /* PBXContainerItemProxy */;
		};
/* End PBXTargetDependency section */

/* Begin PBXVariantGroup section */
		49361F8F1AEF76E700C5BDD4 /* Main.storyboard */ = {
			isa = PBXVariantGroup;
			children = (
				49361F901AEF76E700C5BDD4 /* Base */,
			);
			name = Main.storyboard;
			sourceTree = "<group>";
		};
		49361F941AEF76E700C5BDD4 /* LaunchScreen.xib */ = {
			isa = PBXVariantGroup;
			children = (
				49361F951AEF76E700C5BDD4 /* Base */,
			);
			name = LaunchScreen.xib;
			sourceTree = "<group>";
		};
/* End PBXVariantGroup section */

/* Begin XCBuildConfiguration section */
		49361FA31AEF76E700C5BDD4 /* Debug */ = {
			isa = XCBuildConfiguration;
			buildSettings = {
				ALWAYS_SEARCH_USER_PATHS = NO;
				CLANG_CXX_LANGUAGE_STANDARD = "gnu++0x";
				CLANG_CXX_LIBRARY = "libc++";
				CLANG_ENABLE_MODULES = YES;
				CLANG_ENABLE_OBJC_ARC = YES;
				CLANG_WARN_BOOL_CONVERSION = YES;
				CLANG_WARN_CONSTANT_CONVERSION = YES;
				CLANG_WARN_DIRECT_OBJC_ISA_USAGE = YES_ERROR;
				CLANG_WARN_EMPTY_BODY = YES;
				CLANG_WARN_ENUM_CONVERSION = YES;
				CLANG_WARN_INT_CONVERSION = YES;
				CLANG_WARN_OBJC_ROOT_CLASS = YES_ERROR;
				CLANG_WARN_UNREACHABLE_CODE = YES;
				CLANG_WARN__DUPLICATE_METHOD_MATCH = YES;
				"CODE_SIGN_IDENTITY[sdk=iphoneos*]" = "iPhone Developer";
				COPY_PHASE_STRIP = NO;
				ENABLE_STRICT_OBJC_MSGSEND = YES;
				GCC_C_LANGUAGE_STANDARD = gnu99;
				GCC_DYNAMIC_NO_PIC = NO;
				GCC_OPTIMIZATION_LEVEL = 0;
				GCC_PREPROCESSOR_DEFINITIONS = (
					"DEBUG=1",
					"$(inherited)",
				);
				GCC_SYMBOLS_PRIVATE_EXTERN = NO;
				GCC_WARN_64_TO_32_BIT_CONVERSION = YES;
				GCC_WARN_ABOUT_RETURN_TYPE = YES_ERROR;
				GCC_WARN_UNDECLARED_SELECTOR = YES;
				GCC_WARN_UNINITIALIZED_AUTOS = YES_AGGRESSIVE;
				GCC_WARN_UNUSED_FUNCTION = YES;
				GCC_WARN_UNUSED_VARIABLE = YES;
				IPHONEOS_DEPLOYMENT_TARGET = 8.2;
				MTL_ENABLE_DEBUG_INFO = YES;
				ONLY_ACTIVE_ARCH = YES;
				SDKROOT = iphoneos;
			};
			name = Debug;
		};
		49361FA41AEF76E700C5BDD4 /* Release */ = {
			isa = XCBuildConfiguration;
			buildSettings = {
				ALWAYS_SEARCH_USER_PATHS = NO;
				CLANG_CXX_LANGUAGE_STANDARD = "gnu++0x";
				CLANG_CXX_LIBRARY = "libc++";
				CLANG_ENABLE_MODULES = YES;
				CLANG_ENABLE_OBJC_ARC = YES;
				CLANG_WARN_BOOL_CONVERSION = YES;
				CLANG_WARN_CONSTANT_CONVERSION = YES;
				CLANG_WARN_DIRECT_OBJC_ISA_USAGE = YES_ERROR;
				CLANG_WARN_EMPTY_BODY = YES;
				CLANG_WARN_ENUM_CONVERSION = YES;
				CLANG_WARN_INT_CONVERSION = YES;
				CLANG_WARN_OBJC_ROOT_CLASS = YES_ERROR;
				CLANG_WARN_UNREACHABLE_CODE = YES;
				CLANG_WARN__DUPLICATE_METHOD_MATCH = YES;
				"CODE_SIGN_IDENTITY[sdk=iphoneos*]" = "iPhone Developer";
				COPY_PHASE_STRIP = NO;
				ENABLE_NS_ASSERTIONS = NO;
				ENABLE_STRICT_OBJC_MSGSEND = YES;
				GCC_C_LANGUAGE_STANDARD = gnu99;
				GCC_WARN_64_TO_32_BIT_CONVERSION = YES;
				GCC_WARN_ABOUT_RETURN_TYPE = YES_ERROR;
				GCC_WARN_UNDECLARED_SELECTOR = YES;
				GCC_WARN_UNINITIALIZED_AUTOS = YES_AGGRESSIVE;
				GCC_WARN_UNUSED_FUNCTION = YES;
				GCC_WARN_UNUSED_VARIABLE = YES;
				IPHONEOS_DEPLOYMENT_TARGET = 8.2;
				MTL_ENABLE_DEBUG_INFO = NO;
				SDKROOT = iphoneos;
				VALIDATE_PRODUCT = YES;
			};
			name = Release;
		};
		49361FA61AEF76E700C5BDD4 /* Debug */ = {
			isa = XCBuildConfiguration;
			buildSettings = {
				ASSETCATALOG_COMPILER_APPICON_NAME = AppIcon;
				INFOPLIST_FILE = EventApp/Info.plist;
				LD_RUNPATH_SEARCH_PATHS = "$(inherited) @executable_path/Frameworks";
				PRODUCT_NAME = "$(TARGET_NAME)";
			};
			name = Debug;
		};
		49361FA71AEF76E700C5BDD4 /* Release */ = {
			isa = XCBuildConfiguration;
			buildSettings = {
				ASSETCATALOG_COMPILER_APPICON_NAME = AppIcon;
				INFOPLIST_FILE = EventApp/Info.plist;
				LD_RUNPATH_SEARCH_PATHS = "$(inherited) @executable_path/Frameworks";
				PRODUCT_NAME = "$(TARGET_NAME)";
			};
			name = Release;
		};
		49361FA91AEF76E700C5BDD4 /* Debug */ = {
			isa = XCBuildConfiguration;
			buildSettings = {
				BUNDLE_LOADER = "$(TEST_HOST)";
				FRAMEWORK_SEARCH_PATHS = (
					"$(SDKROOT)/Developer/Library/Frameworks",
					"$(inherited)",
				);
				GCC_PREPROCESSOR_DEFINITIONS = (
					"DEBUG=1",
					"$(inherited)",
				);
				INFOPLIST_FILE = EventAppTests/Info.plist;
				LD_RUNPATH_SEARCH_PATHS = "$(inherited) @executable_path/Frameworks @loader_path/Frameworks";
				PRODUCT_NAME = "$(TARGET_NAME)";
				TEST_HOST = "$(BUILT_PRODUCTS_DIR)/EventApp.app/EventApp";
			};
			name = Debug;
		};
		49361FAA1AEF76E700C5BDD4 /* Release */ = {
			isa = XCBuildConfiguration;
			buildSettings = {
				BUNDLE_LOADER = "$(TEST_HOST)";
				FRAMEWORK_SEARCH_PATHS = (
					"$(SDKROOT)/Developer/Library/Frameworks",
					"$(inherited)",
				);
				INFOPLIST_FILE = EventAppTests/Info.plist;
				LD_RUNPATH_SEARCH_PATHS = "$(inherited) @executable_path/Frameworks @loader_path/Frameworks";
				PRODUCT_NAME = "$(TARGET_NAME)";
				TEST_HOST = "$(BUILT_PRODUCTS_DIR)/EventApp.app/EventApp";
			};
			name = Release;
		};
/* End XCBuildConfiguration section */

/* Begin XCConfigurationList section */
		49361F7D1AEF76E700C5BDD4 /* Build configuration list for PBXProject "EventApp" */ = {
			isa = XCConfigurationList;
			buildConfigurations = (
				49361FA31AEF76E700C5BDD4 /* Debug */,
				49361FA41AEF76E700C5BDD4 /* Release */,
			);
			defaultConfigurationIsVisible = 0;
			defaultConfigurationName = Release;
		};
		49361FA51AEF76E700C5BDD4 /* Build configuration list for PBXNativeTarget "EventApp" */ = {
			isa = XCConfigurationList;
			buildConfigurations = (
				49361FA61AEF76E700C5BDD4 /* Debug */,
				49361FA71AEF76E700C5BDD4 /* Release */,
			);
			defaultConfigurationIsVisible = 0;
			defaultConfigurationName = Release;
		};
		49361FA81AEF76E700C5BDD4 /* Build configuration list for PBXNativeTarget "EventAppTests" */ = {
			isa = XCConfigurationList;
			buildConfigurations = (
				49361FA91AEF76E700C5BDD4 /* Debug */,
				49361FAA1AEF76E700C5BDD4 /* Release */,
			);
			defaultConfigurationIsVisible = 0;
			defaultConfigurationName = Release;
		};
/* End XCConfigurationList section */
	};
	rootObject = 49361F7A1AEF76E700C5BDD4 /* Project object */;
}
